
Microsoft Visual Studio Solution File, Format Version 12.00
# Visual Studio 15
VisualStudioVersion = 15.0.28307.421
MinimumVisualStudioVersion = 10.0.40219.1
Project("{FAE04EC0-301F-11D3-BF4B-00C04F79EFBC}") = "TabulaRasa", "TabulaRasa\TabulaRasa.csproj", "{D60D5018-6B0C-429B-A7F0-591D1C2EAE2B}"
EndProject
Global
	GlobalSection(SolutionConfigurationPlatforms) = preSolution
		Debug|Any CPU = Debug|Any CPU
		Release|Any CPU = Release|Any CPU
	EndGlobalSection
	GlobalSection(ProjectConfigurationPlatforms) = postSolution
		{D60D5018-6B0C-429B-A7F0-591D1C2EAE2B}.Debug|Any CPU.ActiveCfg = Debug|Any CPU
		{D60D5018-6B0C-429B-A7F0-591D1C2EAE2B}.Debug|Any CPU.Build.0 = Debug|Any CPU
		{D60D5018-6B0C-429B-A7F0-591D1C2EAE2B}.Release|Any CPU.ActiveCfg = Release|Any CPU
		{D60D5018-6B0C-429B-A7F0-591D1C2EAE2B}.Release|Any CPU.Build.0 = Release|Any CPU
	EndGlobalSection
	GlobalSection(SolutionProperties) = preSolution
		HideSolutionNode = FALSE
	EndGlobalSection
	GlobalSection(ExtensibilityGlobals) = postSolution
		SolutionGuid = {1178CA02-D1EA-46C4-A4EC-4A5ADCAFF94E}
	EndGlobalSection
EndGlobal
